version = 1
revision = 3
requires-python = ">=3.11, <3.15"

[[package]]
name = "colorama"
version = "0.4.6"
source = { registry = "https://pypi.org/simple" }
sdist = { url = "https://files.pythonhosted.org/packages/d8/53/6f443c9a4a8358a93a6792e2acffb9d9d5cb0a5cfd8802644b7b1c9a02e4/colorama-0.4.6.tar.gz", hash = "sha256:08695f5cb7ed6e0531a20572697297273c47b8cae5a63ffc6d6ed5c201be6e44", size = 27697, upload-time = "2022-10-25T02:36:22.414Z" }
wheels = [
    { url = "https://files.pythonhosted.org/packages/d1/d6/3965ed04c63042e047cb6a3e6ed1a63a35087b6a609aa3a15ed8ac56c221/colorama-0.4.6-py2.py3-none-any.whl", hash = "sha256:4f1d9991f5acc0ca119f9d443620b77f9d6b33703e51011c16baf57afb285fc6", size = 25335, upload-time = "2022-10-25T02:36:20.889Z" },
]

[[package]]
name = "iniconfig"
version = "2.3.0"
source = { registry = "https://pypi.org/simple" }
sdist = { url = "https://files.pythonhosted.org/packages/72/34/14ca021ce8e5dfedc35312d08ba8bf51fdd999c576889fc2c24cb97f4f10/iniconfig-2.3.0.tar.gz", hash = "sha256:c76315c77db068650d49c5b56314774a7804df16fee4402c1f19d6d15d8c4730", size = 20503, upload-time = "2025-10-18T21:55:43.219Z" }
wheels = [
    { url = "https://files.pythonhosted.org/packages/cb/b1/3846dd7f199d53cb17f49cba7e651e9ce294d8497c8c150530ed11865bb8/iniconfig-2.3.0-py3-none-any.whl", hash = "sha256:f631c04d2c48c52b84d0d0549c99ff3859c98df65b3101406327ecc7d53fbf12", size = 7484, upload-time = "2025-10-18T21:55:41.639Z" },
]

[[package]]
name = "lief"
version = "1.0.0"
source = { registry = "https://pypi.org/simple" }
sdist = { url = "https://files.pythonhosted.org/packages/0e/05/30df8a9af4f9b183b5e89373626cf019bd98f46fe52728ab74cacd31d76a/lief-1.0.0.tar.gz", hash = "sha256:811b2354f48fa08c49b106eafc9c1b26006371dc24d3d04bfdd9939863df6e6a", size = 7774, upload-time = "2026-07-12T14:12:09.152Z" }
wheels = [
    { url = "https://files.pythonhosted.org/packages/21/64/300f5789ea54d4dcd6385132aee6b0bb6b135518b345bd2bc56949061e2d/lief-1.0.0-cp311-cp311-macosx_11_0_arm64.whl", hash = "sha256:e9037bda164285b2a59ee3910dfb70e775b2e3ba793edc565725e0bf926b09e9", size = 3286965, upload-time = "2026-07-12T14:10:22.129Z" },
    { url = "https://files.pythonhosted.org/packages/1f/7d/6b814a223c9e2a1a10bb476359488fb247921b38468251325b3e83f06bed/lief-1.0.0-cp311-cp311-macosx_11_0_x86_64.whl", hash = "sha256:2edb6c75944a90e1f9b6fb0e086844b7d00311344149f4007dd4f029476f8fe2", size = 3375351, upload-time = "2026-07-12T14:10:23.759Z" },
    { url = "https://files.pythonhosted.org/packages/6f/21/097f7f28157870491d648c65befd3a66163eb42f23bd12d1bbda59e94c5e/lief-1.0.0-cp311-cp311-manylinux_2_28_aarch64.whl", hash = "sha256:95fb7dc84960068ab881bc681e646cab55f3d736c07bb07e91d5cbc8738885a7", size = 3610243, upload-time = "2026-07-12T14:10:25.303Z" },
    { url = "https://files.pythonhosted.org/packages/92/2d/48a2713e5750cfd3ccd0e59662050b91273b1fbf09b4cad88a216335f947/lief-1.0.0-cp311-cp311-manylinux_2_28_i686.whl", hash = "sha256:ea1220b0b68a9b2cd6d1b3f05276c877d136f5b39e3a01d3433df70a92803071", size = 3753319, upload-time = "2026-07-12T14:10:27.022Z" },
    { url = "https://files.pythonhosted.org/packages/0d/61/ca1a9d8ec16bc0075849cb4be47e7d5e5dae8d354d2ef32eb619ad204f8c/lief-1.0.0-cp311-cp311-manylinux_2_28_riscv64.whl", hash = "sha256:5aa92fa9501d60c0dbc8fe88d40fa9f19708fad958674eaea1b52cf4217e734d", size = 3693124, upload-time = "2026-07-12T14:10:28.497Z" },
    { url = "https://files.pythonhosted.org/packages/09/b5/36e2ce60fcd60d2cc20f743ad50d437380c3f9f51d9b2942b230f0c05b72/lief-1.0.0-cp311-cp311-manylinux_2_28_x86_64.whl", hash = "sha256:96277e45d58de45a33249079dac43e50db1c96da162fbe1ad02fbaa82e3bd06f", size = 3670339, upload-time = "2026-07-12T14:10:30.354Z" },
    { url = "https://files.pythonhosted.org/packages/7a/bf/bf9690141bb137bc99e94c38722a69ae2da428ad8c9e972136b28e5a56eb/lief-1.0.0-cp311-cp311-musllinux_1_2_aarch64.whl", hash = "sha256:514ba1c9c94f0cd09986bfb1db71fd678acd19f826058fe9cefbba0e7b9a5d86", size = 3918692, upload-time = "2026-07-12T14:10:32.005Z" },
    { url = "https://files.pythonhosted.org/packages/b1/cb/54a449fa7590348c21022f6aba3544d4b576474a1a13d5187482eb0b6867/lief-1.0.0-cp311-cp311-musllinux_1_2_i686.whl", hash = "sha256:7ed5d9511cd7313bb56c95c4f580e8e332615ae0bd45e05b43990f1b563ceef3", size = 4196769, upload-time = "2026-07-12T14:10:34.106Z" },
    { url = "https://files.pythonhosted.org/packages/e9/58/5d09f19505daf08faf557a92f0af36ee5f1866bbdcc43977fd690c80f599/lief-1.0.0-cp311-cp311-musllinux_1_2_riscv64.whl", hash = "sha256:37810cadad1fd796b6a681fe7eac084489103a7b2fed306776f9932b38c8d4ac", size = 3971579, upload-time = "2026-07-12T14:10:35.873Z" },
    { url = "https://files.pythonhosted.org/packages/3e/60/5440b2604553f95240b214549c73e29e9e7786f9b173a21fe5cc1fa833b2/lief-1.0.0-cp311-cp311-musllinux_1_2_x86_64.whl", hash = "sha256:34d12d846529e5d5157a7feaf54d1bd8b6c2905cb6c46cc1f7c94fa9e9bd1f6a", size = 3963306, upload-time = "2026-07-12T14:10:37.592Z" },
    { url = "https://files.pythonhosted.org/packages/e5/07/0341a4de77c3a1b1223a7a996514b5995cb3b6ec7499d28ffadc5998fb59/lief-1.0.0-cp311-cp311-win32.whl", hash = "sha256:1a20cd029b539eb5888882b377617544da012e1bbb2ce575a524c87aaec1102b", size = 3722521, upload-time = "2026-07-12T14:22:41.152Z" },
    { url = "https://files.pythonhosted.org/packages/d9/b0/74f50ca24b9a70ba75e4eed3d1a5f3dbf0608965b7adaf98f3afd14db0e2/lief-1.0.0-cp311-cp311-win_amd64.whl", hash = "sha256:fbaf64c338086da0a5d67b0e440b7010f2fd4b1d6edc68db303693759320ebfb", size = 4011319, upload-time = "2026-07-12T14:10:39.338Z" },
    { url = "https://files.pythonhosted.org/packages/7b/36/01f6b6ba1efce59b538e86b4c5abbc3cfc11b18ae88e974f0aace834737a/lief-1.0.0-cp311-cp311-win_arm64.whl", hash = "sha256:a9b7bae94a3a160af9b52f15265e55a59a1f3bb305ae9280cfe9ce84cf2c5d0e", size = 3766358, upload-time = "2026-07-12T14:10:40.917Z" },
    { url = "https://files.pythonhosted.org/packages/da/b0/9f231000f0b1d0d227fa4b3a6a66aff4d5168dcc642c697605e0df739b4f/lief-1.0.0-cp312-abi3-macosx_11_0_arm64.whl", hash = "sha256:92bf3b06c19a1ebd9e7978de47cc61040752ec452f7906bc3aac8d57abb23a8b", size = 3285262, upload-time = "2026-07-12T14:10:42.576Z" },
    { url = "https://files.pythonhosted.org/packages/03/68/4eaec5e731fa53d764d60767037fccb4ca55d1f2cf1679edaa8ae0f3a07f/lief-1.0.0-cp312-abi3-macosx_11_0_x86_64.whl", hash = "sha256:48e360eea660d019312e377954f327e4fe0918781ee45e9056cd641f50bb6355", size = 3376474, upload-time = "2026-07-12T14:10:44.265Z" },
    { url = "https://files.pythonhosted.org/packages/5a/f8/3aba2989bd9f48e796de5260a19acb2af1e6562b147e32a2a26e418a9b58/lief-1.0.0-cp312-abi3-manylinux_2_28_aarch64.whl", hash = "sha256:a9e4b9e165bde0163624e159c8c7a096e3d6f671371c70d008baac7ac1f04f0d", size = 3604777, upload-time = "2026-07-12T14:10:46.006Z" },
    { url = "https://files.pythonhosted.org/packages/e8/f4/73adc62ede9d8159d7b3bde312270f9ce33886647caa183db24c4e804d7e/lief-1.0.0-cp312-abi3-manylinux_2_28_i686.whl", hash = "sha256:6b5d975f45e8830bc12da346d3dd317803d8852f1b61838e655741178e46d300", size = 3753256, upload-time = "2026-07-12T14:10:47.739Z" },
    { url = "https://files.pythonhosted.org/packages/2b/c1/b7093423a74b60f48a74c59c5cb84c20723a02484264c8b2d43662ef5761/lief-1.0.0-cp312-abi3-manylinux_2_28_riscv64.whl", hash = "sha256:5ab0c89879066a36467fb8b85485710e40ea982c90f46de3486d6633b1d43e2f", size = 3692596, upload-time = "2026-07-12T14:10:49.725Z" },
    { url = "https://files.pythonhosted.org/packages/cd/d7/6e8135da80a63d8ee413f169eda8c331817bf6f1496fc5647722b105aa19/lief-1.0.0-cp312-abi3-manylinux_2_28_x86_64.whl", hash = "sha256:41ff868f5328fc8e5237a9e1f4718590e0ee9180c1422b3e4948b7116ba4517c", size = 3674893, upload-time = "2026-07-12T14:10:51.489Z" },
    { url = "https://files.pythonhosted.org/packages/fa/06/3b7f72f9fad8d36631aa6ba4a92edab9241806502b4d5d01f345aeb435f8/lief-1.0.0-cp312-abi3-musllinux_1_2_aarch64.whl", hash = "sha256:30c48bb32afdcea98df04cd456e7199e84a629396faf475ca9c8880a4b4c1ce3", size = 3913123, upload-time = "2026-07-12T14:10:53.055Z" },
    { url = "https://files.pythonhosted.org/packages/6a/67/ec0046772e0c40a1274c42034382e93c26e33157ea917aa2ff4ba9b8be2b/lief-1.0.0-cp312-abi3-musllinux_1_2_i686.whl", hash = "sha256:f58e26e2e4d110cd6a42d86ab497cd4bedc47d72690fae557023ac536d85edcc", size = 4197779, upload-time = "2026-07-12T14:10:54.789Z" },
    { url = "https://files.pythonhosted.org/packages/2f/50/554f682a5feb40ccf0663679bcbb479d7d4f6381d516d42859a9ead39f41/lief-1.0.0-cp312-abi3-musllinux_1_2_riscv64.whl", hash = "sha256:f6c2007bf96704cedc5cee8ae303ba7008840b9a2214ca9f4f43a6faa703834f", size = 3972848, upload-time = "2026-07-12T14:10:56.402Z" },
    { url = "https://files.pythonhosted.org/packages/da/ca/b113461f25a01a9165713de7f4ac7518ea21fb6e3939971d16d56a469c10/lief-1.0.0-cp312-abi3-musllinux_1_2_x86_64.whl", hash = "sha256:714c96894048f15c8fcecbe6ef4a95416a0f256a20cc6130f8f2398ee717ca06", size = 3969432, upload-time = "2026-07-12T14:10:58.093Z" },
    { url = "https://files.pythonhosted.org/packages/87/e5/b7bcab0256eb2f15d71652d5578f338b4cac1629a35b5bef2607f41d0be9/lief-1.0.0-cp312-abi3-win32.whl", hash = "sha256:d552235f6c7b999b1837946b61cc64537501fac4fda1663c2cb76482b27b609f", size = 3720709, upload-time = "2026-07-12T14:22:43.058Z" },
    { url = "https://files.pythonhosted.org/packages/83/16/950c16d246c52a32b47aca19ade2919dfc9192cc4c45c92635c36d3a8b6b/lief-1.0.0-cp312-abi3-win_amd64.whl", hash = "sha256:ca7774b0d88f4528a1c153d7a9d2798800d6389847b966861fad9f2edb17a593", size = 4018974, upload-time = "2026-07-12T14:10:59.857Z" },
    { url = "https://files.pythonhosted.org/packages/91/2a/cc514b5ec9ec187335f2e8ab545d7b110a5f931d430a0bd2917563aefae4/lief-1.0.0-cp312-abi3-win_arm64.whl", hash = "sha256:956ee963e2a2ed318d08fd9fe4ff948906c483db1b88f7a62dac24db76ffa4b0", size = 3771788, upload-time = "2026-07-12T14:11:01.607Z" },
    { url = "https://files.pythonhosted.org/packages/e3/0e/e8fb688a7f282bc8fca82448c0e590fbba67ae754b29b4746d1aaa51ce46/lief-1.0.0-cp314-cp314t-macosx_11_0_arm64.whl", hash = "sha256:23253bbc154ff0dc5253a8929a2a407d11d459694c409d053b93308e623125ff", size = 3349507, upload-time = "2026-07-12T14:11:03.309Z" },
    { url = "https://files.pythonhosted.org/packages/63/96/c7d4ea1e4f43f53be57d979244bd6426aa94b059d1f3cebd8bcc46bf6222/lief-1.0.0-cp314-cp314t-macosx_11_0_x86_64.whl", hash = "sha256:ecd440475e677c6834af996d34a2babbad1af6a3addaaa3822fd021972c41311", size = 3432213, upload-time = "2026-07-12T14:11:05.041Z" },
    { url = "https://files.pythonhosted.org/packages/13/4d/58f8947e7459c2089abb03d6f63b9c12a5a9e103fed571ac43869ef8313d/lief-1.0.0-cp314-cp314t-manylinux_2_28_aarch64.whl", hash = "sha256:0e4c0934c27bea29752bdac494c2611c676d27d54139c96098f57b22d065deeb", size = 3664092, upload-time = "2026-07-12T14:11:06.62Z" },
    { url = "https://files.pythonhosted.org/packages/3c/1e/679f32b5ffee1d370358d5e94c030d047b409873489d2049365c15356d04/lief-1.0.0-cp314-cp314t-manylinux_2_28_i686.whl", hash = "sha256:4d2f1565110abc06070c0f6dcababab64606721fd1401477857558d9575ad663", size = 3805718, upload-time = "2026-07-12T14:11:08.336Z" },
    { url = "https://files.pythonhosted.org/packages/c7/05/f65b1ab1eb0e345dbbad62407ba9f8d82acf19268b8c1aff9e5355f5e7ca/lief-1.0.0-cp314-cp314t-manylinux_2_28_riscv64.whl", hash = "sha256:25ea4a80545eb4d1ffe75f49fceca526ce85130bd263bcd81a0fa66178ab1e7f", size = 3750775, upload-time = "2026-07-12T14:11:10.312Z" },
    { url = "https://files.pythonhosted.org/packages/8c/85/02e39735843ed44572126575deda5c9ebcb614412132afeeba5b8a2a3ed4/lief-1.0.0-cp314-cp314t-manylinux_2_28_x86_64.whl", hash = "sha256:18b05ce0244be151c58fedbd8b08687ed69713533cab9af23060a73f4441e847", size = 3731535, upload-time = "2026-07-12T14:11:12.064Z" },
    { url = "https://files.pythonhosted.org/packages/64/45/0664acd97c955380cf40f1ae00f33cc6f4e01373cde4782986d54d17aac7/lief-1.0.0-cp314-cp314t-musllinux_1_2_aarch64.whl", hash = "sha256:26777c1ec1ac55d3b981cad0fdb61d38de21da4b83810d637a5f4d0190470bf6", size = 3975553, upload-time = "2026-07-12T14:11:13.868Z" },
    { url = "https://files.pythonhosted.org/packages/be/ee/4a3ee9db6cba043a5579f939ffacda1c7825f49907221eae911358982aae/lief-1.0.0-cp314-cp314t-musllinux_1_2_i686.whl", hash = "sha256:5881e7698fb9b7ea6398dc86db78c6ae65331d7473c713d5a24318e264048334", size = 4250798, upload-time = "2026-07-12T14:11:15.617Z" },
    { url = "https://files.pythonhosted.org/packages/fb/80/86ecc653817067d945ef92577a58d27aa359b9f2038c69e457b710b1560a/lief-1.0.0-cp314-cp314t-musllinux_1_2_riscv64.whl", hash = "sha256:6be55884009b1eea2314c6d918a945c8bc72584928957771956b600fdcecaa19", size = 4029644, upload-time = "2026-07-12T14:11:17.164Z" },
    { url = "https://files.pythonhosted.org/packages/c4/af/cd42f2569b35af9744d2832f0f9698a73ed5b8aebfc5056dab69b0c2732a/lief-1.0.0-cp314-cp314t-musllinux_1_2_x86_64.whl", hash = "sha256:f12816bb3d4781fdc98db4df312a8da744c5a93f587fa4919124fcb9b277d510", size = 4027250, upload-time = "2026-07-12T14:11:19.333Z" },
    { url = "https://files.pythonhosted.org/packages/0b/4d/0797e4e048179c31400322a2765a30f9dd11d1c968b829578b909452566f/lief-1.0.0-cp314-cp314t-win32.whl", hash = "sha256:b5f954b86f6c99437a461ed794bbc2d5e003e6a24e462b49f4978bce228b3801", size = 3787154, upload-time = "2026-07-12T14:22:44.99Z" },
    { url = "https://files.pythonhosted.org/packages/13/51/b80054950752fd581c60f9c01fbca3f700a3fdd47307d0f6ae19714bb550/lief-1.0.0-cp314-cp314t-win_amd64.whl", hash = "sha256:4680aeaa0eb9f21540f37ab5f97820fdf8f08b9c67c42b4435e232ca8cc22a27", size = 4073853, upload-time = "2026-07-12T14:11:21.286Z" },
    { url = "https://files.pythonhosted.org/packages/03/c5/3e8dab85764e5eafa8812ef5914acde47981d01c131084bcbdda9893c449/lief-1.0.0-cp314-cp314t-win_arm64.whl", hash = "sha256:7677a7b8fffd4de096d7ca1db64d1a6c3007e02650ed256fb93b2f3f9ea74097", size = 3804579, upload-time = "2026-07-12T14:11:23.349Z" },
]

[[package]]
name = "meson"
version = "1.12.1"
source = { registry = "https://pypi.org/simple" }
sdist = { url = "https://files.pythonhosted.org/packages/f9/c9/8c9983f4f3d9c4e22fd76bcf8cd053e4472aefae45fd044669b6daa34b53/meson-1.12.1.tar.gz", hash = "sha256:ab0a6ca09f8ef70c564c8241fb5a23957886a0b53fb58412b5e07eaf07dba743", size = 2524665, upload-time = "2026-09-22T22:58:28.875Z" }
wheels = [
    { url = "https://files.pythonhosted.org/packages/57/99/36cd25f9598eef70db97577440a70a360af505f6f01c2338a18d1556079c/meson-1.12.1-py3-none-any.whl", hash = "sha256:930bc7542cbd9f57009e182fd014eba48cf1a0180a7b9006d2d32d8f168d8b02", size = 1108668, upload-time = "2026-09-22T22:58:26.047Z" },
]

[[package]]
name = "ninja"
version = "1.13.2"
source = { registry = "https://pypi.org/simple" }
sdist = { url = "https://files.pythonhosted.org/packages/ac/92/410b7917d16ab54c04b05cc32b9284803671d91cf79d33be6009c28d4ea8/ninja-1.13.2.tar.gz", hash = "sha256:525bfa3fc88aa30a4467df270fd5be6f9fcae8061d54d4df74ea1dc5abd5a975", size = 243739, upload-time = "2026-08-30T15:49:51.897Z" }
wheels = [
    { url = "https://files.pythonhosted.org/packages/b5/b8/90a9518f2264637084d6199bc20c2f3fb97fefc4c474d277720150c3bd6d/ninja-1.13.2-py3-none-macosx_10_9_universal2.whl", hash = "sha256:fd82e26c0706ad4ab88e5fdd26f3fab0a987a90f810160f6c322e752c6af298b", size = 306611, upload-time = "2026-08-30T15:49:28.267Z" },
    { url = "https://files.pythonhosted.org/packages/35/54/7368ce188625e39acc03ee362bb86cc9bfa6ad15e25c50889ae36e2889b3/ninja-1.13.2-py3-none-manylinux2014_aarch64.manylinux_2_17_aarch64.whl", hash = "sha256:d775a5e43e9088f507a6250d57fcf5678eb31268c545feb5064ffeee33735622", size = 177180, upload-time = "2026-08-30T15:49:29.59Z" },
    { url = "https://files.pythonhosted.org/packages/80/1a/0b5601ece2a5de97253e7c7c442b70315333955593c2b55616fd17f1706f/ninja-1.13.2-py3-none-manylinux2014_i686.manylinux_2_17_i686.whl", hash = "sha256:81d95081c0ad7c95f67bf682220361ed2a32659d7861b4766b03433c58f22516", size = 199485, upload-time = "2026-08-30T15:49:30.72Z" },
    { url = "https://files.pythonhosted.org/packages/48/23/fcbe234a66966e35928c47b86336f92a7612db4781665f4e5f5fddef9630/ninja-1.13.2-py3-none-manylinux2014_ppc64le.manylinux_2_17_ppc64le.whl", hash = "sha256:227cbc3ae3e5e429692388103cae8c09451df086cd2d342dae0795af0d162547", size = 197676, upload-time = "2026-08-30T15:49:32.026Z" },
    { url = "https://files.pythonhosted.org/packages/24/eb/a6ca97ef0ff7bb8bdcb395ec65a716e65d7c1f40896c3afe0090bb3e1535/ninja-1.13.2-py3-none-manylinux2014_s390x.manylinux_2_17_s390x.whl", hash = "sha256:1684c60d031c54c1d049541b64243c0c567dca5463dbd77682a8901780af293d", size = 187980, upload-time = "2026-08-30T15:49:33.372Z" },
    { url = "https://files.pythonhosted.org/packages/6e/53/ebfed7b689c338dd8ebeec9c0730c8d56821292f14e2536e5f3ef1a05744/ninja-1.13.2-py3-none-manylinux2014_x86_64.manylinux_2_17_x86_64.whl", hash = "sha256:65a24341b5ac09fcadcc37082660be40a94174e51a937fabf6e2cae26225fa2c", size = 183365, upload-time = "2026-08-30T15:49:34.53Z" },
    { url = "https://files.pythonhosted.org/packages/c7/d6/dcf06d7ab44ade992ae5aa1228feff317684b463a1bd47e8642b30ac922e/ninja-1.13.2-py3-none-manylinux_2_28_armv7l.manylinux_2_31_armv7l.whl", hash = "sha256:aa3d2ae5706a2c4d1e93edc951d1c6cbb45107413c404f8fde1741239efbc9a0", size = 155089, upload-time = "2026-08-30T15:49:35.72Z" },
    { url = "https://files.pythonhosted.org/packages/e1/6b/6513c09c33382b17c05b4349b8e81437b18680d0d7ec6fb8f7edc29adda1/ninja-1.13.2-py3-none-manylinux_2_31_riscv64.whl", hash = "sha256:919572cbc3f233261ecd41fe1f3efc9d44aa02464a4588867e06a8b4f6f416ea", size = 152149, upload-time = "2026-08-30T15:49:36.971Z" },
    { url = "https://files.pythonhosted.org/packages/4d/70/d59fa4261f5ce586f43d8716de1da33d813afc116f0bf9173bf4cdbfdb2a/ninja-1.13.2-py3-none-musllinux_1_2_aarch64.whl", hash = "sha256:0e083700470c02ca154a855ae6d692d03564f5064cae52e113896f9ccc078418", size = 525392, upload-time = "2026-08-30T15:49:38.136Z" },
    { url = "https://files.pythonhosted.org/packages/37/04/c8c2dc5b2f5fee79a1691d490256b178b7e1af97d56769117422ae8a23cc/ninja-1.13.2-py3-none-musllinux_1_2_armv7l.whl", hash = "sha256:59d71c3e15b6b6f3d903eb0c27285544e0747ca59925ada7037bb1af781ad4b3", size = 466268, upload-time = "2026-08-30T15:49:39.479Z" },
    { url = "https://files.pythonhosted.org/packages/f3/6d/fce288647e53e96e0f0929a3c5b23986aae1b7101ea8889a3090237c5d13/ninja-1.13.2-py3-none-musllinux_1_2_i686.whl", hash = "sha256:f90f84affc441e219f15fe52532806c1c9dbd22fb66c3addddce88a3deaabab7", size = 605088, upload-time = "2026-08-30T15:49:40.826Z" },
    { url = "https://files.pythonhosted.org/packages/10/a2/d8eedd25d0ae80b9e874aea362013e67416877c8f732eb4d5e7c971fdb9c/ninja-1.13.2-py3-none-musllinux_1_2_ppc64le.whl", hash = "sha256:b2f687437fac460b27b7eadc99039b1163016fb4ba7276e2782a192d9f24ee0e", size = 610806, upload-time = "2026-08-30T15:49:42.168Z" },
    { url = "https://files.pythonhosted.org/packages/14/0f/696d96821fad1b5767fd311c1569dde8881a57412369bfe7b11bcbfde036/ninja-1.13.2-py3-none-musllinux_1_2_riscv64.whl", hash = "sha256:09de9ab04f7352f51570c73fd4913acb1e6c24be0a72cd8b80243d4d3ed04925", size = 533978, upload-time = "2026-08-30T15:49:43.451Z" },
    { url = "https://files.pythonhosted.org/packages/5d/69/28844ca579156776a202217a7cd66f60d06a0710a935e879bb89ce396ecc/ninja-1.13.2-py3-none-musllinux_1_2_s390x.whl", hash = "sha256:6a87bf42b123abe2f37737300185f0a303a891899da85d73a3613ee80547e578", size = 653822, upload-time = "2026-08-30T15:49:44.724Z" },
    { url = "https://files.pythonhosted.org/packages/f5/5f/c511f2952f94ab2966d60edd9c34e744ea32f2724b1184b62270bde55b3a/ninja-1.13.2-py3-none-musllinux_1_2_x86_64.whl", hash = "sha256:915bd482c4be41c75120fd67a22e0bb3f0fbb3bbc5f95b89787deadd59e27ef2", size = 544460, upload-time = "2026-08-30T15:49:46.29Z" },
    { url = "https://files.pythonhosted.org/packages/79/e7/fb0e828e89ac77ef77183a0834f17c4108e66088732fed86a3cc3c776a7a/ninja-1.13.2-py3-none-win32.whl", hash = "sha256:792cadbb9decfd1f776d4d0a6930feb46d08302eb57c176bcf26b09de5748e9f", size = 270319, upload-time = "2026-08-30T15:49:47.942Z" },
    { url = "https://files.pythonhosted.org/packages/3f/dd/3766b5f4d32e8a9b97d195496b0b01fbbe2e1a41669dab0cd6492a6ce199/ninja-1.13.2-py3-none-win_amd64.whl", hash = "sha256:1293f4078278b70d0ee4b6cc8f3a9e030656c9b2f59909970343c4fe76070118", size = 311798, upload-time = "2026-08-30T15:49:49.351Z" },
    { url = "https://files.pythonhosted.org/packages/b7/8d/59a31fa508070d042571d9d226b541a21000756817313f397da22287ad34/ninja-1.13.2-py3-none-win_arm64.whl", hash = "sha256:1db9852e528efa7702f5123969f86678663e46d57ff28ab13f5fd84d64a85fb1", size = 290620, upload-time = "2026-08-30T15:49:50.639Z" },
]

[[package]]
name = "nplayer-libass-bridge"
version = "0.1.0"
source = { virtual = "." }
dependencies = [
    { name = "lief" },
]

[package.dev-dependencies]
dev = [
    { name = "meson" },
    { name = "ninja" },
    { name = "pytest" },
]

[package.metadata]
requires-dist = [{ name = "lief", specifier = "==1.0.0" }]

[package.metadata.requires-dev]
dev = [
    { name = "meson" },
    { name = "ninja" },
    { name = "pytest" },
]

[[package]]
name = "packaging"
version = "26.3"
source = { registry = "https://pypi.org/simple" }
sdist = { url = "https://files.pythonhosted.org/packages/7d/fa/3944b40b07da9ce895c0e6303a5ab7d53da063554f534556b134a54d6093/packaging-26.3.tar.gz", hash = "sha256:94edc256424af38762eb31306eed28beb9f0efc50a8837492c9d6fd6004aed79", size = 313412, upload-time = "2026-08-04T18:15:28.737Z" }
wheels = [
    { url = "https://files.pythonhosted.org/packages/63/34/ba1c580383c9eada3711951fef0795c80b829a078d72188184bcab9dd527/packaging-26.3-py3-none-any.whl", hash = "sha256:d7193f7c8e4e93f444fde0262bf90af30e16fa0ad0ad44cb553c87339b23cd1c", size = 129956, upload-time = "2026-08-04T18:15:27.159Z" },
]

[[package]]
name = "pluggy"
version = "1.6.0"
source = { registry = "https://pypi.org/simple" }
sdist = { url = "https://files.pythonhosted.org/packages/f9/e2/3e91f31a7d2b083fe6ef3fa267035b518369d9511ffab804f839851d2779/pluggy-1.6.0.tar.gz", hash = "sha256:7dcc130b76258d33b90f61b658791dede3486c3e6bfb003ee5c9bfb396dd22f3", size = 69412, upload-time = "2025-05-15T12:30:07.975Z" }
wheels = [
    { url = "https://files.pythonhosted.org/packages/54/20/4d324d65cc6d9205fabedc306948156824eb9f0ee1633355a8f7ec5c66bf/pluggy-1.6.0-py3-none-any.whl", hash = "sha256:e920276dd6813095e9377c0bc5566d94c932c33b27a3e3945d8389c374dd4746", size = 20538, upload-time = "2025-05-15T12:30:06.134Z" },
]

[[package]]
name = "pygments"
version = "2.21.0"
source = { registry = "https://pypi.org/simple" }
sdist = { url = "https://files.pythonhosted.org/packages/49/2e/ced460408999b33da6b31b0021b0f37d329e202d4169aeb164493778f25b/pygments-2.21.0.tar.gz", hash = "sha256:610ca751c9bc2492b38eb9a38a7fbc93edbbb2d7182edaf34e66ae493dee5c8c", size = 5005329, upload-time = "2026-08-17T08:02:48.824Z" }
wheels = [
    { url = "https://files.pythonhosted.org/packages/71/46/17f022dd3e953bf20a04a028a21ec746d942f8d2af30fa0f124fa0e6a684/pygments-2.21.0-py3-none-any.whl", hash = "sha256:2363c69b61c4a97c838da3b130dcd6468f4848992b21a82f2a63ec34377137d9", size = 1250147, upload-time = "2026-08-17T08:02:44.912Z" },
]

[[package]]
name = "pytest"
version = "9.1.1"
source = { registry = "https://pypi.org/simple" }
dependencies = [
    { name = "colorama", marker = "sys_platform == 'win32'" },
    { name = "iniconfig" },
    { name = "packaging" },
    { name = "pluggy" },
    { name = "pygments" },
]
sdist = { url = "https://files.pythonhosted.org/packages/e4/47/b9efed96c114afcfa3c9d3fe98a76a1d14c74a9e266d397cf6eb64be5e01/pytest-9.1.1.tar.gz", hash = "sha256:1088fbde8f2b49d95a549a195707afa7a76a3ce9bcadc26b6d71f0ffda5fe313", size = 1636369, upload-time = "2026-06-19T10:58:32.857Z" }
wheels = [
    { url = "https://files.pythonhosted.org/packages/24/25/1de2678b631f5a49215c6c96fff41ba892b0a34df68d6d80292b1b48aa7f/pytest-9.1.1-py3-none-any.whl", hash = "sha256:37a86b45efb9a47a61a36449063e8e18d0cab3161329fc099eb21783169c4f0c", size = 386536, upload-time = "2026-06-19T10:58:31.347Z" },
]
